
Microsoft Visual Studio Solution File, Format Version 12.00
# Visual Studio Version 16
VisualStudioVersion = 16.0.29123.88
MinimumVisualStudioVersion = 10.0.40219.1
Project("{FAE04EC0-301F-11D3-BF4B-00C04F79EFBC}") = "ZeroPointModule", "ZeroPointModule.csproj", "{2C4DE37F-2877-44DB-B67E-260A1EF56ED3}"
EndProject
Global
	GlobalSection(SolutionConfigurationPlatforms) = preSolution
		Debug|Any CPU = Debug|Any CPU
		Release|Any CPU = Release|Any CPU
	EndGlobalSection
	GlobalSection(ProjectConfigurationPlatforms) = postSolution
		{2C4DE37F-2877-44DB-B67E-260A1EF56ED3}.Debug|Any CPU.ActiveCfg = Debug|Any CPU
		{2C4DE37F-2877-44DB-B67E-260A1EF56ED3}.Debug|Any CPU.Build.0 = Debug|Any CPU
		{2C4DE37F-2877-44DB-B67E-260A1EF56ED3}.Release|Any CPU.ActiveCfg = Release|Any CPU
		{2C4DE37F-2877-44DB-B67E-260A1EF56ED3}.Release|Any CPU.Build.0 = Release|Any CPU
	EndGlobalSection
	GlobalSection(SolutionProperties) = preSolution
		HideSolutionNode = FALSE
	EndGlobalSection
	GlobalSection(ExtensibilityGlobals) = postSolution
		SolutionGuid = {70913067-D996-4F1F-9330-4271A493D0A3}
	EndGlobalSection
EndGlobal
